{
  "name": "deepsk-build",
  "version": "1.0.0",
  "lockfileVersion": 3,
  "requires": true,
  "packages": {
    "": {
      "name": "deepsk-build",
      "version": "1.0.0",
      "hasInstallScript": true,
      "dependencies": {
        "class-variance-authority": "^0.7.1",
        "clsx": "^2.1.1",
        "lucide-react": "^1.24.0",
        "next": "16.4.0",
        "react": "19.2.4",
        "react-dom": "19.2.4",
        "sharp": "^0.35.3",
        "tailwind-merge": "^3.6.0"
      },
      "devDependencies": {
        "@playwright/test": "^1.61.1",
        "@tailwindcss/postcss": "^4",
        "@testing-library/jest-dom": "^6.9.1",
        "@testing-library/react": "^16.3.2",
        "@types/node": "^22.20.1",
        "@types/react": "^19",
        "@types/react-dom": "^19",
        "cross-env": "^10.1.0",
        "eslint": "^9",
        "eslint-config-next": "16.4.0",
        "jsdom": "^29.1.1",
        "tailwindcss": "^4",
        "typescript": "^5",
        "vitest": "^4.1.10"
      }
    },
    "node_modules/@adobe/css-tools": {
      "version": "4.5.0",
      "resolved": "https://registry.npmjs.org/@adobe/css-tools/-/css-tools-4.5.0.tgz",
      "integrity": "sha512-6OzddxPio9UiWTCemp4N8cYLV2ZN1ncRnV1cVGtve7dhPOtRkleRyx32GQCYSwDYgaHU3USMm84tNsvKzRCa1Q==",
      "dev": true,
      "license": "MIT"
    },
    "node_modules/@alloc/quick-lru": {
      "version": "5.2.0",
      "resolved": "https://registry.npmjs.org/@alloc/quick-lru/-/quick-lru-5.2.0.tgz",
      "integr¶»§q«^